
Microsoft Visual Studio Solution File, Format Version 12.00
# Visual Studio 15
VisualStudioVersion = 15.0.27428.2043
MinimumVisualStudioVersion = 10.0.40219.1
Project("{FAE04EC0-301F-11D3-BF4B-00C04F79EFBC}") = "WindowsFormsApp1", "WindowsFormsApp1\WindowsFormsApp1.csproj", "{961D842F-3F44-44BC-9B33-EDB6985D12CD}"
EndProject
Global
	GlobalSection(SolutionConfigurationPlatforms) = preSolution
		Debug|Any CPU = Debug|Any CPU
		Release|Any CPU = Release|Any CPU
	EndGlobalSection
	GlobalSection(ProjectConfigurationPlatforms) = postSolution
		{961D842F-3F44-44BC-9B33-EDB6985D12CD}.Debug|Any CPU.ActiveCfg = Debug|Any CPU
		{961D842F-3F44-44BC-9B33-EDB6985D12CD}.Debug|Any CPU.Build.0 = Debug|Any CPU
		{961D842F-3F44-44BC-9B33-EDB6985D12CD}.Release|Any CPU.ActiveCfg = Release|Any CPU
		{961D842F-3F44-44BC-9B33-EDB6985D12CD}.Release|Any CPU.Build.0 = Release|Any CPU
	EndGlobalSection
	GlobalSection(SolutionProperties) = preSolution
		HideSolutionNode = FALSE
	EndGlobalSection
	GlobalSection(ExtensibilityGlobals) = postSolution
		SolutionGuid = {06742DEE-AEC4-4561-94FE-B4606D6F2E3F}
	EndGlobalSection
EndGlobal
